
Microsoft Visual Studio Solution File, Format Version 12.00
# Visual Studio 14
VisualStudioVersion = 14.0.25123.0
MinimumVisualStudioVersion = 10.0.40219.1
Project("{FAE04EC0-301F-11D3-BF4B-00C04F79EFBC}") = "CashFlow.Domain", "CashFlow.Domain\CashFlow.Domain.csproj", "{E3E77EDE-2017-4DC9-A41E-1FAF8FE5492F}"
EndProject
Project("{FAE04EC0-301F-11D3-BF4B-00C04F79EFBC}") = "CashFlow.DataAccess", "CashFlow.DataAccess\CashFlow.DataAccess.csproj", "{462099BB-C35F-40F0-88C3-DD630F537CC3}"
EndProject
Project("{FAE04EC0-301F-11D3-BF4B-00C04F79EFBC}") = "CashFlow.NetFramework", "CashFlow.NetFramework\CashFlow.NetFramework.csproj", "{B357B93A-4E3C-4AA3-8C9B-0C4405AE8130}"
EndProject
Project("{FAE04EC0-301F-11D3-BF4B-00C04F79EFBC}") = "CashFlow.Kernel", "CashFlow.Kernel\CashFlow.Kernel.csproj", "{8329707C-D0DB-4576-BC43-9C89FB98FB01}"
EndProject
Project("{2150E333-8FDC-42A3-9474-1A3956D46DE8}") = "1. Domain", "1. Domain", "{7A26DA12-84E2-4412-8341-B2248BD60A81}"
EndProject
Project("{2150E333-8FDC-42A3-9474-1A3956D46DE8}") = "2. Infra", "2. Infra", "{8A205B0C-ABE4-46E3-B49B-E4058C91CF56}"
EndProject
Project("{2150E333-8FDC-42A3-9474-1A3956D46DE8}") = "3. Presentation", "3. Presentation", "{3225BAD5-04A1-4257-8857-D74B85A9EB03}"
EndProject
Project("{FAE04EC0-301F-11D3-BF4B-00C04F79EFBC}") = "CashFlow.Web", "CashFlow.Web\CashFlow.Web.csproj", "{DB379B09-7E03-42BB-82FD-91CF1D7C2774}"
EndProject
Global
	GlobalSection(SolutionConfigurationPlatforms) = preSolution
		Debug|Any CPU = Debug|Any CPU
		Release|Any CPU = Release|Any CPU
	EndGlobalSection
	GlobalSection(ProjectConfigurationPlatforms) = postSolution
		{E3E77EDE-2017-4DC9-A41E-1FAF8FE5492F}.Debug|Any CPU.ActiveCfg = Debug|Any CPU
		{E3E77EDE-2017-4DC9-A41E-1FAF8FE5492F}.Debug|Any CPU.Build.0 = Debug|Any CPU
		{E3E77EDE-2017-4DC9-A41E-1FAF8FE5492F}.Release|Any CPU.ActiveCfg = Release|Any CPU
		{E3E77EDE-2017-4DC9-A41E-1FAF8FE5492F}.Release|Any CPU.Build.0 = Release|Any CPU
		{462099BB-C35F-40F0-88C3-DD630F537CC3}.Debug|Any CPU.ActiveCfg = Debug|Any CPU
		{462099BB-C35F-40F0-88C3-DD630F537CC3}.Debug|Any CPU.Build.0 = Debug|Any CPU
		{462099BB-C35F-40F0-88C3-DD630F537CC3}.Release|Any CPU.ActiveCfg = Release|Any CPU
		{462099BB-C35F-40F0-88C3-DD630F537CC3}.Release|Any CPU.Build.0 = Release|Any CPU
		{B357B93A-4E3C-4AA3-8C9B-0C4405AE8130}.Debug|Any CPU.ActiveCfg = Debug|Any CPU
		{B357B93A-4E3C-4AA3-8C9B-0C4405AE8130}.Debug|Any CPU.Build.0 = Debug|Any CPU
		{B357B93A-4E3C-4AA3-8C9B-0C4405AE8130}.Release|Any CPU.ActiveCfg = Release|Any CPU
		{B357B93A-4E3C-4AA3-8C9B-0C4405AE8130}.Release|Any CPU.Build.0 = Release|Any CPU
		{8329707C-D0DB-4576-BC43-9C89FB98FB01}.Debug|Any CPU.ActiveCfg = Debug|Any CPU
		{8329707C-D0DB-4576-BC43-9C89FB98FB01}.Debug|Any CPU.Build.0 = Debug|Any CPU
		{8329707C-D0DB-4576-BC43-9C89FB98FB01}.Release|Any CPU.ActiveCfg = Release|Any CPU
		{8329707C-D0DB-4576-BC43-9C89FB98FB01}.Release|Any CPU.Build.0 = Release|Any CPU
		{DB379B09-7E03-42BB-82FD-91CF1D7C2774}.Debug|Any CPU.ActiveCfg = Debug|Any CPU
		{DB379B09-7E03-42BB-82FD-91CF1D7C2774}.Debug|Any CPU.Build.0 = Debug|Any CPU
		{DB379B09-7E03-42BB-82FD-91CF1D7C2774}.Release|Any CPU.ActiveCfg = Release|Any CPU
		{DB379B09-7E03-42BB-82FD-91CF1D7C2774}.Release|Any CPU.Build.0 = Release|Any CPU
	EndGlobalSection
	GlobalSection(SolutionProperties) = preSolution
		HideSolutionNode = FALSE
	EndGlobalSection
	GlobalSection(NestedProjects) = preSolution
		{E3E77EDE-2017-4DC9-A41E-1FAF8FE5492F} = {7A26DA12-84E2-4412-8341-B2248BD60A81}
		{462099BB-C35F-40F0-88C3-DD630F537CC3} = {8A205B0C-ABE4-46E3-B49B-E4058C91CF56}
		{B357B93A-4E3C-4AA3-8C9B-0C4405AE8130} = {8A205B0C-ABE4-46E3-B49B-E4058C91CF56}
		{8329707C-D0DB-4576-BC43-9C89FB98FB01} = {8A205B0C-ABE4-46E3-B49B-E4058C91CF56}
		{DB379B09-7E03-42BB-82FD-91CF1D7C2774} = {3225BAD5-04A1-4257-8857-D74B85A9EB03}
	EndGlobalSection
EndGlobal
